// !$*UTF8*$!
{
	archiveVersion = 1;
	classes = {
	};
	objectVersion = 50;
	objects = {

/* Begin PBXBuildFile section */
		6A0A89EE254947C400243321 /* AppDelegate.swift in Sources */ = {isa = PBXBuildFile; fileRef = 6A0A89ED254947C400243321 /* AppDelegate.swift */; };
		6A0A89F0254947C400243321 /* SceneDelegate.swift in Sources */ = {isa = PBXBuildFile; fileRef = 6A0A89EF254947C400243321 /* SceneDelegate.swift */; };
		6A0A89F2254947C400243321 /* ViewController.swift in Sources */ = {isa = PBXBuildFile; fileRef = 6A0A89F1254947C400243321 /* ViewController.swift */; };
		6A0A89F5254947C400243321 /* Main.storyboard in Resources */ = {isa = PBXBuildFile; fileRef = 6A0A89F3254947C400243321 /* Main.storyboard */; };
		6A0A89FA254947C600243321 /* LaunchScreen.storyboard in Resources */ = {isa = PBXBuildFile; fileRef = 6A0A89F8254947C600243321 /* LaunchScreen.storyboard */; };
		6A0A8A05254947C600243321 /* CounterTests.swift in Sources */ = {isa = PBXBuildFile; fileRef = 6A0A8A04254947C600243321 /* CounterTests.swift */; };
		6A0A8A10254947C600243321 /* CounterUITests.swift in Sources */ = {isa = PBXBuildFile; fileRef = 6A0A8A0F254947C600243321 /* CounterUITests.swift */; };
		6AA2377C254AA6D000E803F1 /* Assets.xcassets in Resources */ = {isa = PBXBuildFile; fileRef = 6AA2377B254AA6D000E803F1 /* Assets.xcassets */; };
		6AA2377D254AAA1300E803F1 /* Assets.xcassets in Resources */ = {isa = PBXBuildFile; fileRef = 6AA2377B254AA6D000E803F1 /* Assets.xcassets */; };
		6AA2377E254AAA1400E803F1 /* Assets.xcassets in Resources */ = {isa = PBXBuildFile; fileRef = 6AA2377B254AA6D000E803F1 /* Assets.xcassets */; };
/* End PBXBuildFile section */

/* Begin PBXContainerItemProxy section */
		6A0A8A01254947C600243321 /* PBXContainerItemProxy */ = {
			isa = PBXContainerItemProxy;
			containerPortal = 6A0A89E2254947C400243321 /* Project object */;
			proxyType = 1;
			remoteGlobalIDString = 6A0A89E9254947C400243321;
			remoteInfo = Counter;
		};
		6A0A8A0C254947C600243321 /* PBXContainerItemProxy */ = {
			isa = PBXContainerItemProxy;
			containerPortal = 6A0A89E2254947C400243321 /* Project object */;
			proxyType = 1;
			remoteGlobalIDString = 6A0A89E9254947C400243321;
			remoteInfo = Counter;
		};
/* End PBXContainerItemProxy section */

/* Begin PBXFileReference section */
		6A0A89EA254947C400243321 /* Counter.app */ = {isa = PBXFileReference; explicitFileType = wrapper.application; includeInIndex = 0; path = Counter.app; sourceTree = BUILT_PRODUCTS_DIR; };
		6A0A89ED254947C400243321 /* AppDelegate.swift */ = {isa = PBXFileReference; lastKnownFileType = sourcecode.swift; path = AppDelegate.swift; sourceTree = "<group>"; };
		6A0A89EF254947C400243321 /* SceneDelegate.swift */ = {isa = PBXFileReference; lastKnownFileType = sourcecode.swift; path = SceneDelegate.swift; sourceTree = "<group>"; };
		6A0A89F1254947C400243321 /* ViewController.swift */ = {isa = PBXFileReference; lastKnownFileType = sourcecode.swift; path = ViewController.swift; sourceTree = "<group>"; };
		6A0A89F4254947C400243321 /* Base */ = {isa = PBXFileReference; lastKnownFileType = file.storyboard; name = Base; path = Base.lproj/Main.storyboard; sourceTree = "<group>"; };
		6A0A89F9254947C600243321 /* Base */ = {isa = PBXFileReference; lastKnownFileType = file.storyboard; name = Base; path = Base.lproj/LaunchScreen.storyboard; sourceTree = "<group>"; };
		6A0A89FB254947C600243321 /* Info.plist */ = {isa = PBXFileReference; lastKnownFileType = text.plist.xml; path = Info.plist; sourceTree = "<group>"; };
		6A0A8A00254947C600243321 /* CounterTests.xctest */ = {isa = PBXFileReference; explicitFileType = wrapper.cfbundle; includeInIndex = 0; path = CounterTests.xctest; sourceTree = BUILT_PRODUCTS_DIR; };
		6A0A8A04254947C600243321 /* CounterTests.swift */ = {isa = PBXFileReference; lastKnownFileType = sourcecode.swift; path = CounterTests.swift; sourceTree = "<group>"; };
		6A0A8A06254947C600243321 /* Info.plist */ = {isa = PBXFileReference; lastKnownFileType = text.plist.xml; path = Info.plist; sourceTree = "<group>"; };
		6A0A8A0B254947C600243321 /* CounterUITests.xctest */ = {isa = PBXFileReference; explicitFileType = wrapper.cfbundle; includeInIndex = 0; path = CounterUITests.xctest; sourceTree = BUILT_PRODUCTS_DIR; };
		6A0A8A0F254947C600243321 /* CounterUITests.swift */ = {isa = PBXFileReference; lastKnownFileType = sourcecode.swift; path = CounterUITests.swift; sourceTree = "<group>"; };
		6A0A8A11254947C600243321 /* Info.plist */ = {isa = PBXFileReference; lastKnownFileType = text.plist.xml; path = Info.plist; sourceTree = "<group>"; };
		6AA2377B254AA6D000E803F1 /* Assets.xcassets */ = {isa = PBXFileReference; lastKnownFileType = folder.assetcatalog; name = Assets.xcassets; path = ../../som/som/Assets.xcassets; sourceTree = "<group>"; };
/* End PBXFileReference section */

/* Begin PBXFrameworksBuildPhase section */
		6A0A89E7254947C400243321 /* Frameworks */ = {
			isa = PBXFrameworksBuildPhase;
			buildActionMask = 2147483647;
			files = (
			);
			runOnlyForDeploymentPostprocessing = 0;
		};
		6A0A89FD254947C600243321 /* Frameworks */ = {
			isa = PBXFrameworksBuildPhase;
			buildActionMask = 2147483647;
			files = (
			);
			runOnlyForDeploymentPostprocessing = 0;
		};
		6A0A8A08254947C600243321 /* Frameworks */ = {
			isa = PBXFrameworksBuildPhase;
			buildActionMask = 2147483647;
			files = (
			);
			runOnlyForDeploymentPostprocessing = 0;
		};
/* End PBXFrameworksBuildPhase section */

/* Begin PBXGroup section */
		6A0A89E1254947C400243321 = {
			isa = PBXGroup;
			children = (
				6A0A89EC254947C400243321 /* Counter */,
				6A0A8A03254947C600243321 /* CounterTests */,
				6A0A8A0E254947C600243321 /* CounterUITests */,
				6A0A89EB254947C400243321 /* Products */,
			);
			sourceTree = "<group>";
		};
		6A0A89EB254947C400243321 /* Products */ = {
			isa = PBXGroup;
			children = (
				6A0A89EA254947C400243321 /* Counter.app */,
				6A0A8A00254947C600243321 /* CounterTests.xctest */,
				6A0A8A0B254947C600243321 /* CounterUITests.xctest */,
			);
			name = Products;
			sourceTree = "<group>";
		};
		6A0A89EC254947C400243321 /* Counter */ = {
			isa = PBXGroup;
			children = (
				6A0A89ED254947C400243321 /* AppDelegate.swift */,
				6A0A89EF254947C400243321 /* SceneDelegate.swift */,
				6A0A89F1254947C400243321 /* ViewController.swift */,
				6A0A89F3254947C400243321 /* Main.storyboard */,
				6AA2377B254AA6D000E803F1 /* Assets.xcassets */,
				6A0A89F8254947C600243321 /* LaunchScreen.storyboard */,
				6A0A89FB254947C600243321 /* Info.plist */,
			);
			path = Counter;
			sourceTree = "<group>";
		};
		6A0A8A03254947C600243321 /* CounterTests */ = {
			isa = PBXGroup;
			children = (
				6A0A8A04254947C600243321 /* CounterTests.swift */,
				6A0A8A06254947C600243321 /* Info.plist */,
			);
			path = CounterTests;
			sourceTree = "<group>";
		};
		6A0A8A0E254947C600243321 /* CounterUITests */ = {
			isa = PBXGroup;
			children = (
				6A0A8A0F254947C600243321 /* CounterUITests.swift */,
				6A0A8A11254947C600243321 /* Info.plist */,
			);
			path = CounterUITests;
			sourceTree = "<group>";
		};
/* End PBXGroup section */

/* Begin PBXNativeTarget section */
		6A0A89E9254947C400243321 /* Counter */ = {
			isa = PBXNativeTarget;
			buildConfigurationList = 6A0A8A14254947C600243321 /* Build configuration list for PBXNativeTarget "Counter" */;
			buildPhases = (
				6A0A89E6254947C400243321 /* Sources */,
				6A0A89E7254947C400243321 /* Frameworks */,
				6A0A89E8254947C400243321 /* Resources */,
			);
			buildRules = (
			);
			dependencies = (
			);
			name = Counter;
			productName = Counter;
			productReference = 6A0A89EA254947C400243321 /* Counter.app */;
			productType = "com.apple.product-type.application";
		};
		6A0A89FF254947C600243321 /* CounterTests */ = {
			isa = PBXNativeTarget;
			buildConfigurationList = 6A0A8A17254947C600243321 /* Build configuration list for PBXNativeTarget "CounterTests" */;
			buildPhases = (
				6A0A89FC254947C600243321 /* Sources */,
				6A0A89FD254947C600243321 /* Frameworks */,
				6A0A89FE254947C600243321 /* Resources */,
			);
			buildRules = (
			);
			dependencies = (
				6A0A8A02254947C600243321 /* PBXTargetDependency */,
			);
			name = CounterTests;
			productName = CounterTests;
			productReference = 6A0A8A00254947C600243321 /* CounterTests.xctest */;
			productType = "com.apple.product-type.bundle.unit-test";
		};
		6A0A8A0A254947C600243321 /* CounterUITests */ = {
			isa = PBXNativeTarget;
			buildConfigurationList = 6A0A8A1A254947C600243321 /* Build configuration list for PBXNativeTarget "CounterUITests" */;
			buildPhases = (
				6A0A8A07254947C600243321 /* Sources */,
				6A0A8A08254947C600243321 /* Frameworks */,
				6A0A8A09254947C600243321 /* Resources */,
			);
			buildRules = (
			);
			dependencies = (
				6A0A8A0D254947C600243321 /* PBXTargetDependency */,
			);
			name = CounterUITests;
			productName = CounterUITests;
			productReference = 6A0A8A0B254947C600243321 /* CounterUITests.xctest */;
			productType = "com.apple.product-type.bundle.ui-testing";
		};
/* End PBXNativeTarget section */

/* Begin PBXProject section */
		6A0A89E2254947C400243321 /* Project object */ = {
			isa = PBXProject;
			attributes = {
				LastSwiftUpdateCheck = 1140;
				LastUpgradeCheck = 1140;
				ORGANIZATIONNAME = iosdev;
				TargetAttributes = {
					6A0A89E9254947C400243321 = {
						CreatedOnToolsVersion = 11.4.1;
					};
					6A0A89FF254947C600243321 = {
						CreatedOnToolsVersion = 11.4.1;
						TestTargetID = 6A0A89E9254947C400243321;
					};
					6A0A8A0A254947C600243321 = {
						CreatedOnToolsVersion = 11.4.1;
						TestTargetID = 6A0A89E9254947C400243321;
					};
				};
			};
			buildConfigurationList = 6A0A89E5254947C400243321 /* Build configuration list for PBXProject "Counter" */;
			compatibilityVersion = "Xcode 9.3";
			developmentRegion = en;
			hasScannedForEncodings = 0;
			knownRegions = (
				en,
				Base,
			);
			mainGroup = 6A0A89E1254947C400243321;
			productRefGroup = 6A0A89EB254947C400243321 /* Products */;
			projectDirPath = "";
			projectRoot = "";
			targets = (
				6A0A89E9254947C400243321 /* Counter */,
				6A0A89FF254947C600243321 /* CounterTests */,
				6A0A8A0A254947C600243321 /* CounterUITests */,
			);
		};
/* End PBXProject section */

/* Begin PBXResourcesBuildPhase section */
		6A0A89E8254947C400243321 /* Resources */ = {
			isa = PBXResourcesBuildPhase;
			buildActionMask = 2147483647;
			files = (
				6A0A89FA254947C600243321 /* LaunchScreen.storyboard in Resources */,
				6AA2377C254AA6D000E803F1 /* Assets.xcassets in Resources */,
				6A0A89F5254947C400243321 /* Main.storyboard in Resources */,
			);
			runOnlyForDeploymentPostprocessing = 0;
		};
		6A0A89FE254947C600243321 /* Resources */ = {
			isa = PBXResourcesBuildPhase;
			buildActionMask = 2147483647;
			files = (
				6AA2377D254AAA1300E803F1 /* Assets.xcassets in Resources */,
			);
			runOnlyForDeploymentPostprocessing = 0;
		};
		6A0A8A09254947C600243321 /* Resources */ = {
			isa = PBXResourcesBuildPhase;
			buildActionMask = 2147483647;
			files = (
				6AA2377E254AAA1400E803F1 /* Assets.xcassets in Resources */,
			);
			runOnlyForDeploymentPostprocessing = 0;
		};
/* End PBXResourcesBuildPhase section */

/* Begin PBXSourcesBuildPhase section */
		6A0A89E6254947C400243321 /* Sources */ = {
			isa = PBXSourcesBuildPhase;
			buildActionMask = 2147483647;
			files = (
				6A0A89F2254947C400243321 /* ViewController.swift in Sources */,
				6A0A89EE254947C400243321 /* AppDelegate.swift in Sources */,
				6A0A89F0254947C400243321 /* SceneDelegate.swift in Sources */,
			);
			runOnlyForDeploymentPostprocessing = 0;
		};
		6A0A89FC254947C600243321 /* Sources */ = {
			isa = PBXSourcesBuildPhase;
			buildActionMask = 2147483647;
			files = (
				6A0A8A05254947C600243321 /* CounterTests.swift in Sources */,
			);
			runOnlyForDeploymentPostprocessing = 0;
		};
		6A0A8A07254947C600243321 /* Sources */ = {
			isa = PBXSourcesBuildPhase;
			buildActionMask = 2147483647;
			files = (
				6A0A8A10254947C600243321 /* CounterUITests.swift in Sources */,
			);
			runOnlyForDeploymentPostprocessing = 0;
		};
/* End PBXSourcesBuildPhase section */

/* Begin PBXTargetDependency section */
		6A0A8A02254947C600243321 /* PBXTargetDependency */ = {
			isa = PBXTargetDependency;
			target = 6A0A89E9254947C400243321 /* Counter */;
			targetProxy = 6A0A8A01254947C600243321 /* PBXContainerItemProxy */;
		};
		6A0A8A0D254947C600243321 /* PBXTargetDependency */ = {
			isa = PBXTargetDependency;
			target = 6A0A89E9254947C400243321 /* Counter */;
			targetProxy = 6A0A8A0C254947C600243321 /* PBXContainerItemProxy */;
		};
/* End PBXTargetDependency section */

/* Begin PBXVariantGroup section */
		6A0A89F3254947C400243321 /* Main.storyboard */ = {
			isa = PBXVariantGroup;
			children = (
				6A0A89F4254947C400243321 /* Base */,
			);
			name = Main.storyboard;
			sourceTree = "<group>";
		};
		6A0A89F8254947C600243321 /* LaunchScreen.storyboard */ = {
			isa = PBXVariantGroup;
			children = (
				6A0A89F9254947C600243321 /* Base */,
			);
			name = LaunchScreen.storyboard;
			sourceTree = "<group>";
		};
/* End PBXVariantGroup section */

/* Begin XCBuildConfiguration section */
		6A0A8A12254947C600243321 /* Debug */ = {
			isa = XCBuildConfiguration;
			buildSettings = {
				ALWAYS_SEARCH_USER_PATHS = NO;
				CLANG_ANALYZER_NONNULL = YES;
				CLANG_ANALYZER_NUMBER_OBJECT_CONVERSION = YES_AGGRESSIVE;
				CLANG_CXX_LANGUAGE_STANDARD = "gnu++14";
				CLANG_CXX_LIBRARY = "libc++";
				CLANG_ENABLE_MODULES = YES;
				CLANG_ENABLE_OBJC_ARC = YES;
				CLANG_ENABLE_OBJC_WEAK = YES;
				CLANG_WARN_BLOCK_CAPTURE_AUTORELEASING = YES;
				CLANG_WARN_BOOL_CONVERSION = YES;
				CLANG_WARN_COMMA = YES;
				CLANG_WARN_CONSTANT_CONVERSION = YES;
				CLANG_WARN_DEPRECATED_OBJC_IMPLEMENTATIONS = YES;
				CLANG_WARN_DIRECT_OBJC_ISA_USAGE = YES_ERROR;
				CLANG_WARN_DOCUMENTATION_COMMENTS = YES;
				CLANG_WARN_EMPTY_BODY = YES;
				CLANG_WARN_ENUM_CONVERSION = YES;
				CLANG_WARN_INFINITE_RECURSION = YES;
				CLANG_WARN_INT_CONVERSION = YES;
				CLANG_WARN_NON_LITERAL_NULL_CONVERSION = YES;
				CLANG_WARN_OBJC_IMPLICIT_RETAIN_SELF = YES;
				CLANG_WARN_OBJC_LITERAL_CONVERSION = YES;
				CLANG_WARN_OBJC_ROOT_CLASS = YES_ERROR;
				CLANG_WARN_RANGE_LOOP_ANALYSIS = YES;
				CLANG_WARN_STRICT_PROTOTYPES = YES;
				CLANG_WARN_SUSPICIOUS_MOVE = YES;
				CLANG_WARN_UNGUARDED_AVAILABILITY = YES_AGGRESSIVE;
				CLANG_WARN_UNREACHABLE_CODE = YES;
				CLANG_WARN__DUPLICATE_METHOD_MATCH = YES;
				COPY_PHASE_STRIP = NO;
				DEBUG_INFORMATION_FORMAT = dwarf;
				ENABLE_STRICT_OBJC_MSGSEND = YES;
				ENABLE_TESTABILITY = YES;
				GCC_C_LANGUAGE_STANDARD = gnu11;
				GCC_DYNAMIC_NO_PIC = NO;
				GCC_NO_COMMON_BLOCKS = YES;
				GCC_OPTIMIZATION_LEVEL = 0;
				GCC_PREPROCESSOR_DEFINITIONS = (
					"DEBUG=1",
					"$(inherited)",
				);
				GCC_WARN_64_TO_32_BIT_CONVERSION = YES;
				GCC_WARN_ABOUT_RETURN_TYPE = YES_ERROR;
				GCC_WARN_UNDECLARED_SELECTOR = YES;
				GCC_WARN_UNINITIALIZED_AUTOS = YES_AGGRESSIVE;
				GCC_WARN_UNUSED_FUNCTION = YES;
				GCC_WARN_UNUSED_VARIABLE = YES;
				IPHONEOS_DEPLOYMENT_TARGET = 13.4;
				MTL_ENABLE_DEBUG_INFO = INCLUDE_SOURCE;
				MTL_FAST_MATH = YES;
				ONLY_ACTIVE_ARCH = YES;
				SDKROOT = iphoneos;
				SWIFT_ACTIVE_COMPILATION_CONDITIONS = DEBUG;
				SWIFT_OPTIMIZATION_LEVEL = "-Onone";
			};
			name = Debug;
		};
		6A0A8A13254947C600243321 /* Release */ = {
			isa = XCBuildConfiguration;
			buildSettings = {
				ALWAYS_SEARCH_USER_PATHS = NO;
				CLANG_ANALYZER_NONNULL = YES;
				CLANG_ANALYZER_NUMBER_OBJECT_CONVERSION = YES_AGGRESSIVE;
				CLANG_CXX_LANGUAGE_STANDARD = "gnu++14";
				CLANG_CXX_LIBRARY = "libc++";
				CLANG_ENABLE_MODULES = YES;
				CLANG_ENABLE_OBJC_ARC = YES;
				CLANG_ENABLE_OBJC_WEAK = YES;
				CLANG_WARN_BLOCK_CAPTURE_AUTORELEASING = YES;
				CLANG_WARN_BOOL_CONVERSION = YES;
				CLANG_WARN_COMMA = YES;
				CLANG_WARN_CONSTANT_CONVERSION = YES;
				CLANG_WARN_DEPRECATED_OBJC_IMPLEMENTATIONS = YES;
				CLANG_WARN_DIRECT_OBJC_ISA_USAGE = YES_ERROR;
				CLANG_WARN_DOCUMENTATION_COMMENTS = YES;
				CLANG_WARN_EMPTY_BODY = YES;
				CLANG_WARN_ENUM_CONVERSION = YES;
				CLANG_WARN_INFINITE_RECURSION = YES;
				CLANG_WARN_INT_CONVERSION = YES;
				CLANG_WARN_NON_LITERAL_NULL_CONVERSION = YES;
				CLANG_WARN_OBJC_IMPLICIT_RETAIN_SELF = YES;
				CLANG_WARN_OBJC_LITERAL_CONVERSION = YES;
				CLANG_WARN_OBJC_ROOT_CLASS = YES_ERROR;
				CLANG_WARN_RANGE_LOOP_ANALYSIS = YES;
				CLANG_WARN_STRICT_PROTOTYPES = YES;
				CLANG_WARN_SUSPICIOUS_MOVE = YES;
				CLANG_WARN_UNGUARDED_AVAILABILITY = YES_AGGRESSIVE;
				CLANG_WARN_UNREACHABLE_CODE = YES;
				CLANG_WARN__DUPLICATE_METHOD_MATCH = YES;
				COPY_PHASE_STRIP = NO;
				DEBUG_INFORMATION_FORMAT = "dwarf-with-dsym";
				ENABLE_NS_ASSERTIONS = NO;
				ENABLE_STRICT_OBJC_MSGSEND = YES;
				GCC_C_LANGUAGE_STANDARD = gnu11;
				GCC_NO_COMMON_BLOCKS = YES;
				GCC_WARN_64_TO_32_BIT_CONVERSION = YES;
				GCC_WARN_ABOUT_RETURN_TYPE = YES_ERROR;
				GCC_WARN_UNDECLARED_SELECTOR = YES;
				GCC_WARN_UNINITIALIZED_AUTOS = YES_AGGRESSIVE;
				GCC_WARN_UNUSED_FUNCTION = YES;
				GCC_WARN_UNUSED_VARIABLE = YES;
				IPHONEOS_DEPLOYMENT_TARGET = 13.4;
				MTL_ENABLE_DEBUG_INFO = NO;
				MTL_FAST_MATH = YES;
				SDKROOT = iphoneos;
				SWIFT_COMPILATION_MODE = wholemodule;
				SWIFT_OPTIMIZATION_LEVEL = "-O";
				VALIDATE_PRODUCT = YES;
			};
			name = Release;
		};
		6A0A8A15254947C600243321 /* Debug */ = {
			isa = XCBuildConfiguration;
			buildSettings = {
				ASSETCATALOG_COMPILER_APPICON_NAME = AppIcon;
				CODE_SIGN_STYLE = Automatic;
				DEVELOPMENT_TEAM = 7849CAAM2Q;
				INFOPLIST_FILE = Counter/Info.plist;
				LD_RUNPATH_SEARCH_PATHS = (
					"$(inherited)",
					"@executable_path/Frameworks",
				);
				PRODUCT_BUNDLE_IDENTIFIER = fi.metropolia.kurosh.Counter;
				PRODUCT_NAME = "$(TARGET_NAME)";
				SWIFT_VERSION = 5.0;
				TARGETED_DEVICE_FAMILY = "1,2";
			};
			name = Debug;
		};
		6A0A8A16254947C600243321 /* Release */ = {
			isa = XCBuildConfiguration;
			buildSettings = {
				ASSETCATALOG_COMPILER_APPICON_NAME = AppIcon;
				CODE_SIGN_STYLE = Automatic;
				DEVELOPMENT_TEAM = 7849CAAM2Q;
				INFOPLIST_FILE = Counter/Info.plist;
				LD_RUNPATH_SEARCH_PATHS = (
					"$(inherited)",
					"@executable_path/Frameworks",
				);
				PRODUCT_BUNDLE_IDENTIFIER = fi.metropolia.kurosh.Counter;
				PRODUCT_NAME = "$(TARGET_NAME)";
				SWIFT_VERSION = 5.0;
				TARGETED_DEVICE_FAMILY = "1,2";
			};
			name = Release;
		};
		6A0A8A18254947C600243321 /* Debug */ = {
			isa = XCBuildConfiguration;
			buildSettings = {
				ALWAYS_EMBED_SWIFT_STANDARD_LIBRARIES = YES;
				BUNDLE_LOADER = "$(TEST_HOST)";
				CODE_SIGN_STYLE = Automatic;
				DEVELOPMENT_TEAM = 7849CAAM2Q;
				INFOPLIST_FILE = CounterTests/Info.plist;
				IPHONEOS_DEPLOYMENT_TARGET = 13.4;
				LD_RUNPATH_SEARCH_PATHS = (
					"$(inherited)",
					"@executable_path/Frameworks",
					"@loader_path/Frameworks",
				);
				PRODUCT_BUNDLE_IDENTIFIER = fi.metropolia.kurosh.CounterTests;
				PRODUCT_NAME = "$(TARGET_NAME)";
				SWIFT_VERSION = 5.0;
				TARGETED_DEVICE_FAMILY = "1,2";
				TEST_HOST = "$(BUILT_PRODUCTS_DIR)/Counter.app/Counter";
			};
			name = Debug;
		};
		6A0A8A19254947C600243321 /* Release */ = {
			isa = XCBuildConfiguration;
			buildSettings = {
				ALWAYS_EMBED_SWIFT_STANDARD_LIBRARIES = YES;
				BUNDLE_LOADER = "$(TEST_HOST)";
				CODE_SIGN_STYLE = Automatic;
				DEVELOPMENT_TEAM = 7849CAAM2Q;
				INFOPLIST_FILE = CounterTests/Info.plist;
				IPHONEOS_DEPLOYMENT_TARGET = 13.4;
				LD_RUNPATH_SEARCH_PATHS = (
					"$(inherited)",
					"@executable_path/Frameworks",
					"@loader_path/Frameworks",
				);
				PRODUCT_BUNDLE_IDENTIFIER = fi.metropolia.kurosh.CounterTests;
				PRODUCT_NAME = "$(TARGET_NAME)";
				SWIFT_VERSION = 5.0;
				TARGETED_DEVICE_FAMILY = "1,2";
				TEST_HOST = "$(BUILT_PRODUCTS_DIR)/Counter.app/Counter";
			};
			name = Release;
		};
		6A0A8A1B254947C600243321 /* Debug */ = {
			isa = XCBuildConfiguration;
			buildSettings = {
				ALWAYS_EMBED_SWIFT_STANDARD_LIBRARIES = YES;
				CODE_SIGN_STYLE = Automatic;
				DEVELOPMENT_TEAM = 7849CAAM2Q;
				INFOPLIST_FILE = CounterUITests/Info.plist;
				LD_RUNPATH_SEARCH_PATHS = (
					"$(inherited)",
					"@executable_path/Frameworks",
					"@loader_path/Frameworks",
				);
				PRODUCT_BUNDLE_IDENTIFIER = fi.metropolia.kurosh.CounterUITests;
				PRODUCT_NAME = "$(TARGET_NAME)";
				SWIFT_VERSION = 5.0;
				TARGETED_DEVICE_FAMILY = "1,2";
				TEST_TARGET_NAME = Counter;
			};
			name = Debug;
		};
		6A0A8A1C254947C600243321 /* Release */ = {
			isa = XCBuildConfiguration;
			buildSettings = {
				ALWAYS_EMBED_SWIFT_STANDARD_LIBRARIES = YES;
				CODE_SIGN_STYLE = Automatic;
				DEVELOPMENT_TEAM = 7849CAAM2Q;
				INFOPLIST_FILE = CounterUITests/Info.plist;
				LD_RUNPATH_SEARCH_PATHS = (
					"$(inherited)",
					"@executable_path/Frameworks",
					"@loader_path/Frameworks",
				);
				PRODUCT_BUNDLE_IDENTIFIER = fi.metropolia.kurosh.CounterUITests;
				PRODUCT_NAME = "$(TARGET_NAME)";
				SWIFT_VERSION = 5.0;
				TARGETED_DEVICE_FAMILY = "1,2";
				TEST_TARGET_NAME = Counter;
			};
			name = Release;
		};
/* End XCBuildConfiguration section */

/* Begin XCConfigurationList section */
		6A0A89E5254947C400243321 /* Build configuration list for PBXProject "Counter" */ = {
			isa = XCConfigurationList;
			buildConfigurations = (
				6A0A8A12254947C600243321 /* Debug */,
				6A0A8A13254947C600243321 /* Release */,
			);
			defaultConfigurationIsVisible = 0;
			defaultConfigurationName = Release;
		};
		6A0A8A14254947C600243321 /* Build configuration list for PBXNativeTarget "Counter" */ = {
			isa = XCConfigurationList;
			buildConfigurations = (
				6A0A8A15254947C600243321 /* Debug */,
				6A0A8A16254947C600243321 /* Release */,
			);
			defaultConfigurationIsVisible = 0;
			defaultConfigurationName = Release;
		};
		6A0A8A17254947C600243321 /* Build configuration list for PBXNativeTarget "CounterTests" */ = {
			isa = XCConfigurationList;
			buildConfigurations = (
				6A0A8A18254947C600243321 /* Debug */,
				6A0A8A19254947C600243321 /* Release */,
			);
			defaultConfigurationIsVisible = 0;
			defaultConfigurationName = Release;
		};
		6A0A8A1A254947C600243321 /* Build configuration list for PBXNativeTarget "CounterUITests" */ = {
			isa = XCConfigurationList;
			buildConfigurations = (
				6A0A8A1B254947C600243321 /* Debug */,
				6A0A8A1C254947C600243321 /* Release */,
			);
			defaultConfigurationIsVisible = 0;
			defaultConfigurationName = Release;
		};
/* End XCConfigurationList section */
	};
	rootObject = 6A0A89E2254947C400243321 /* Project object */;
}
